// !$*UTF8*$!
{
	archiveVersion = 1;
	classes = {
	};
	objectVersion = 50;
	objects = {

/* Begin PBXBuildFile section */
		EA137DC12A5D6A4500D78213 /* AppDelegate.swift in Sources */ = {isa = PBXBuildFile; fileRef = EA137DC02A5D6A4500D78213 /* AppDelegate.swift */; };
		EA137DC32A5D6A4500D78213 /* SceneDelegate.swift in Sources */ = {isa = PBXBuildFile; fileRef = EA137DC22A5D6A4500D78213 /* SceneDelegate.swift */; };
		EA137DC52A5D6A4500D78213 /* ViewController.swift in Sources */ = {isa = PBXBuildFile; fileRef = EA137DC42A5D6A4500D78213 /* ViewController.swift */; };
		EA137DC82A5D6A4500D78213 /* Main.storyboard in Resources */ = {isa = PBXBuildFile; fileRef = EA137DC62A5D6A4500D78213 /* Main.storyboard */; };
		EA137DCA2A5D6A5B00D78213 /* Assets.xcassets in Resources */ = {isa = PBXBuildFile; fileRef = EA137DC92A5D6A5B00D78213 /* Assets.xcassets */; };
		EA137DCD2A5D6A5E00D78213 /* LaunchScreen.storyboard in Resources */ = {isa = PBXBuildFile; fileRef = EA137DCB2A5D6A5E00D78213 /* LaunchScreen.storyboard */; };
		EA137DD82A5D6A7C00D78213 /* GetAPICallTests.swift in Sources */ = {isa = PBXBuildFile; fileRef = EA137DD72A5D6A7C00D78213 /* GetAPICallTests.swift */; };
		EA137DE32A5D6AA900D78213 /* GetAPICallUITests.swift in Sources */ = {isa = PBXBuildFile; fileRef = EA137DE22A5D6AA900D78213 /* GetAPICallUITests.swift */; };
/* End PBXBuildFile section */

/* Begin PBXContainerItemProxy section */
		EA137DD42A5D6A6700D78213 /* PBXContainerItemProxy */ = {
			isa = PBXContainerItemProxy;
			containerPortal = EA137DB52A5D6A4500D78213 /* Project object */;
			proxyType = 1;
			remoteGlobalIDString = EA137DBC2A5D6A4500D78213;
			remoteInfo = GetAPICall;
		};
		EA137DDF2A5D6AA900D78213 /* PBXContainerItemProxy */ = {
			isa = PBXContainerItemProxy;
			containerPortal = EA137DB52A5D6A4500D78213 /* Project object */;
			proxyType = 1;
			remoteGlobalIDString = EA137DBC2A5D6A4500D78213;
			remoteInfo = GetAPICall;
		};
/* End PBXContainerItemProxy section */

/* Begin PBXFileReference section */
		EA137DBD2A5D6A4500D78213 /* GetAPICall.app */ = {isa = PBXFileReference; explicitFileType = wrapper.application; includeInIndex = 0; path = GetAPICall.app; sourceTree = BUILT_PRODUCTS_DIR; };
		EA137DC02A5D6A4500D78213 /* AppDelegate.swift */ = {isa = PBXFileReference; lastKnownFileType = sourcecode.swift; path = AppDelegate.swift; sourceTree = "<group>"; };
		EA137DC22A5D6A4500D78213 /* SceneDelegate.swift */ = {isa = PBXFileReference; lastKnownFileType = sourcecode.swift; path = SceneDelegate.swift; sourceTree = "<group>"; };
		EA137DC42A5D6A4500D78213 /* ViewController.swift */ = {isa = PBXFileReference; lastKnownFileType = sourcecode.swift; path = ViewController.swift; sourceTree = "<group>"; };
		EA137DC72A5D6A4500D78213 /* Base */ = {isa = PBXFileReference; lastKnownFileType = file.storyboard; name = Base; path = Base.lproj/Main.storyboard; sourceTree = "<group>"; };
		EA137DC92A5D6A5B00D78213 /* Assets.xcassets */ = {isa = PBXFileReference; lastKnownFileType = folder.assetcatalog; path = Assets.xcassets; sourceTree = "<group>"; };
		EA137DCC2A5D6A5E00D78213 /* Base */ = {isa = PBXFileReference; lastKnownFileType = file.storyboard; name = Base; path = Base.lproj/LaunchScreen.storyboard; sourceTree = "<group>"; };
		EA137DCE2A5D6A6600D78213 /* Info.plist */ = {isa = PBXFileReference; lastKnownFileType = text.plist.xml; path = Info.plist; sourceTree = "<group>"; };
		EA137DD32A5D6A6700D78213 /* GetAPICallTests.xctest */ = {isa = PBXFileReference; explicitFileType = wrapper.cfbundle; includeInIndex = 0; path = GetAPICallTests.xctest; sourceTree = BUILT_PRODUCTS_DIR; };
		EA137DD72A5D6A7C00D78213 /* GetAPICallTests.swift */ = {isa = PBXFileReference; lastKnownFileType = sourcecode.swift; path = GetAPICallTests.swift; sourceTree = "<group>"; };
		EA137DD92A5D6AA900D78213 /* Info.plist */ = {isa = PBXFileReference; lastKnownFileType = text.plist.xml; path = Info.plist; sourceTree = "<group>"; };
		EA137DDE2A5D6AA900D78213 /* GetAPICallUITests.xctest */ = {isa = PBXFileReference; explicitFileType = wrapper.cfbundle; includeInIndex = 0; path = GetAPICallUITests.xctest; sourceTree = BUILT_PRODUCTS_DIR; };
		EA137DE22A5D6AA900D78213 /* GetAPICallUITests.swift */ = {isa = PBXFileReference; lastKnownFileType = sourcecode.swift; path = GetAPICallUITests.swift; sourceTree = "<group>"; };
		EA137DE42A5D6AA900D78213 /* Info.plist */ = {isa = PBXFileReference; lastKnownFileType = text.plist.xml; path = Info.plist; sourceTree = "<group>"; };
/* End PBXFileReference section */

/* Begin PBXFrameworksBuildPhase section */
		EA137DBA2A5D6A4500D78213 /* Frameworks */ = {
			isa = PBXFrameworksBuildPhase;
			buildActionMask = 2147483647;
			files = (
			);
			runOnlyForDeploymentPostprocessing = 0;
		};
		EA137DD02A5D6A6700D78213 /* Frameworks */ = {
			isa = PBXFrameworksBuildPhase;
			buildActionMask = 2147483647;
			files = (
			);
			runOnlyForDeploymentPostprocessing = 0;
		};
		EA137DDB2A5D6AA900D78213 /* Frameworks */ = {
			isa = PBXFrameworksBuildPhase;
			buildActionMask = 2147483647;
			files = (
			);
			runOnlyForDeploymentPostprocessing = 0;
		};
/* End PBXFrameworksBuildPhase section */

/* Begin PBXGroup section */
		EA137DB42A5D6A4500D78213 = {
			isa = PBXGroup;
			children = (
				EA137DBF2A5D6A4500D78213 /* GetAPICall */,
				EA137DD62A5D6A6700D78213 /* GetAPICallTests */,
				EA137DE12A5D6AA900D78213 /* GetAPICallUITests */,
				EA137DBE2A5D6A4500D78213 /* Products */,
			);
			sourceTree = "<group>";
		};
		EA137DBE2A5D6A4500D78213 /* Products */ = {
			isa = PBXGroup;
			children = (
				EA137DBD2A5D6A4500D78213 /* GetAPICall.app */,
				EA137DD32A5D6A6700D78213 /* GetAPICallTests.xctest */,
				EA137DDE2A5D6AA900D78213 /* GetAPICallUITests.xctest */,
			);
			name = Products;
			sourceTree = "<group>";
		};
		EA137DBF2A5D6A4500D78213 /* GetAPICall */ = {
			isa = PBXGroup;
			children = (
				EA137DC02A5D6A4500D78213 /* AppDelegate.swift */,
				EA137DC22A5D6A4500D78213 /* SceneDelegate.swift */,
				EA137DC42A5D6A4500D78213 /* ViewController.swift */,
				EA137DC62A5D6A4500D78213 /* Main.storyboard */,
				EA137DC92A5D6A5B00D78213 /* Assets.xcassets */,
				EA137DCB2A5D6A5E00D78213 /* LaunchScreen.storyboard */,
				EA137DCE2A5D6A6600D78213 /* Info.plist */,
			);
			path = GetAPICall;
			sourceTree = "<group>";
		};
		EA137DD62A5D6A6700D78213 /* GetAPICallTests */ = {
			isa = PBXGroup;
			children = (
				EA137DD72A5D6A7C00D78213 /* GetAPICallTests.swift */,
				EA137DD92A5D6AA900D78213 /* Info.plist */,
			);
			path = GetAPICallTests;
			sourceTree = "<group>";
		};
		EA137DE12A5D6AA900D78213 /* GetAPICallUITests */ = {
			isa = PBXGroup;
			children = (
				EA137DE22A5D6AA900D78213 /* GetAPICallUITests.swift */,
				EA137DE42A5D6AA900D78213 /* Info.plist */,
			);
			path = GetAPICallUITests;
			sourceTree = "<group>";
		};
/* End PBXGroup section */

/* Begin PBXNativeTarget section */
		EA137DBC2A5D6A4500D78213 /* GetAPICall */ = {
			isa = PBXNativeTarget;
			buildConfigurationList = EA137DE72A5D6AA900D78213 /* Build configuration list for PBXNativeTarget "GetAPICall" */;
			buildPhases = (
				EA137DB92A5D6A4500D78213 /* Sources */,
				EA137DBA2A5D6A4500D78213 /* Frameworks */,
				EA137DBB2A5D6A4500D78213 /* Resources */,
			);
			buildRules = (
			);
			dependencies = (
			);
			name = GetAPICall;
			productName = GetAPICall;
			productReference = EA137DBD2A5D6A4500D78213 /* GetAPICall.app */;
			productType = "com.apple.product-type.application";
		};
		EA137DD22A5D6A6700D78213 /* GetAPICallTests */ = {
			isa = PBXNativeTarget;
			buildConfigurationList = EA137DEA2A5D6AA900D78213 /* Build configuration list for PBXNativeTarget "GetAPICallTests" */;
			buildPhases = (
				EA137DCF2A5D6A6700D78213 /* Sources */,
				EA137DD02A5D6A6700D78213 /* Frameworks */,
				EA137DD12A5D6A6700D78213 /* Resources */,
			);
			buildRules = (
			);
			dependencies = (
				EA137DD52A5D6A6700D78213 /* PBXTargetDependency */,
			);
			name = GetAPICallTests;
			productName = GetAPICallTests;
			productReference = EA137DD32A5D6A6700D78213 /* GetAPICallTests.xctest */;
			productType = "com.apple.product-type.bundle.unit-test";
		};
		EA137DDD2A5D6AA900D78213 /* GetAPICallUITests */ = {
			isa = PBXNativeTarget;
			buildConfigurationList = EA137DED2A5D6AA900D78213 /* Build configuration list for PBXNativeTarget "GetAPICallUITests" */;
			buildPhases = (
				EA137DDA2A5D6AA900D78213 /* Sources */,
				EA137DDB2A5D6AA900D78213 /* Frameworks */,
				EA137DDC2A5D6AA900D78213 /* Resources */,
			);
			buildRules = (
			);
			dependencies = (
				EA137DE02A5D6AA900D78213 /* PBXTargetDependency */,
			);
			name = GetAPICallUITests;
			productName = GetAPICallUITests;
			productReference = EA137DDE2A5D6AA900D78213 /* GetAPICallUITests.xctest */;
			productType = "com.apple.product-type.bundle.ui-testing";
		};
/* End PBXNativeTarget section */

/* Begin PBXProject section */
		EA137DB52A5D6A4500D78213 /* Project object */ = {
			isa = PBXProject;
			attributes = {
				LastSwiftUpdateCheck = 1240;
				LastUpgradeCheck = 1240;
				TargetAttributes = {
					EA137DBC2A5D6A4500D78213 = {
						CreatedOnToolsVersion = 12.4;
					};
					EA137DD22A5D6A6700D78213 = {
						CreatedOnToolsVersion = 12.4;
						TestTargetID = EA137DBC2A5D6A4500D78213;
					};
					EA137DDD2A5D6AA900D78213 = {
						CreatedOnToolsVersion = 12.4;
						TestTargetID = EA137DBC2A5D6A4500D78213;
					};
				};
			};
			buildConfigurationList = EA137DB82A5D6A4500D78213 /* Build configuration list for PBXProject "GetAPICall" */;
			compatibilityVersion = "Xcode 9.3";
			developmentRegion = en;
			hasScannedForEncodings = 0;
			knownRegions = (
				en,
				Base,
			);
			mainGroup = EA137DB42A5D6A4500D78213;
			productRefGroup = EA137DBE2A5D6A4500D78213 /* Products */;
			projectDirPath = "";
			projectRoot = "";
			targets = (
				EA137DBC2A5D6A4500D78213 /* GetAPICall */,
				EA137DD22A5D6A6700D78213 /* GetAPICallTests */,
				EA137DDD2A5D6AA900D78213 /* GetAPICallUITests */,
			);
		};
/* End PBXProject section */

/* Begin PBXResourcesBuildPhase section */
		EA137DBB2A5D6A4500D78213 /* Resources */ = {
			isa = PBXResourcesBuildPhase;
			buildActionMask = 2147483647;
			files = (
				EA137DCD2A5D6A5E00D78213 /* LaunchScreen.storyboard in Resources */,
				EA137DCA2A5D6A5B00D78213 /* Assets.xcassets in Resources */,
				EA137DC82A5D6A4500D78213 /* Main.storyboard in Resources */,
			);
			runOnlyForDeploymentPostprocessing = 0;
		};
		EA137DD12A5D6A6700D78213 /* Resources */ = {
			isa = PBXResourcesBuildPhase;
			buildActionMask = 2147483647;
			files = (
			);
			runOnlyForDeploymentPostprocessing = 0;
		};
		EA137DDC2A5D6AA900D78213 /* Resources */ = {
			isa = PBXResourcesBuildPhase;
			buildActionMask = 2147483647;
			files = (
			);
			runOnlyForDeploymentPostprocessing = 0;
		};
/* End PBXResourcesBuildPhase section */

/* Begin PBXSourcesBuildPhase section */
		EA137DB92A5D6A4500D78213 /* Sources */ = {
			isa = PBXSourcesBuildPhase;
			buildActionMask = 2147483647;
			files = (
				EA137DC52A5D6A4500D78213 /* ViewController.swift in Sources */,
				EA137DC12A5D6A4500D78213 /* AppDelegate.swift in Sources */,
				EA137DC32A5D6A4500D78213 /* SceneDelegate.swift in Sources */,
			);
			runOnlyForDeploymentPostprocessing = 0;
		};
		EA137DCF2A5D6A6700D78213 /* Sources */ = {
			isa = PBXSourcesBuildPhase;
			buildActionMask = 2147483647;
			files = (
				EA137DD82A5D6A7C00D78213 /* GetAPICallTests.swift in Sources */,
			);
			runOnlyForDeploymentPostprocessing = 0;
		};
		EA137DDA2A5D6AA900D78213 /* Sources */ = {
			isa = PBXSourcesBuildPhase;
			buildActionMask = 2147483647;
			files = (
				EA137DE32A5D6AA900D78213 /* GetAPICallUITests.swift in Sources */,
			);
			runOnlyForDeploymentPostprocessing = 0;
		};
/* End PBXSourcesBuildPhase section */

/* Begin PBXTargetDependency section */
		EA137DD52A5D6A6700D78213 /* PBXTargetDependency */ = {
			isa = PBXTargetDependency;
			target = EA137DBC2A5D6A4500D78213 /* GetAPICall */;
			targetProxy = EA137DD42A5D6A6700D78213 /* PBXContainerItemProxy */;
		};
		EA137DE02A5D6AA900D78213 /* PBXTargetDependency */ = {
			isa = PBXTargetDependency;
			target = EA137DBC2A5D6A4500D78213 /* GetAPICall */;
			targetProxy = EA137DDF2A5D6AA900D78213 /* PBXContainerItemProxy */;
		};
/* End PBXTargetDependency section */

/* Begin PBXVariantGroup section */
		EA137DC62A5D6A4500D78213 /* Main.storyboard */ = {
			isa = PBXVariantGroup;
			children = (
				EA137DC72A5D6A4500D78213 /* Base */,
			);
			name = Main.storyboard;
			sourceTree = "<group>";
		};
		EA137DCB2A5D6A5E00D78213 /* LaunchScreen.storyboard */ = {
			isa = PBXVariantGroup;
			children = (
				EA137DCC2A5D6A5E00D78213 /* Base */,
			);
			name = LaunchScreen.storyboard;
			sourceTree = "<group>";
		};
/* End PBXVariantGroup section */

/* Begin XCBuildConfiguration section */
		EA137DE52A5D6AA900D78213 /* Debug */ = {
			isa = XCBuildConfiguration;
			buildSettings = {
				ALWAYS_SEARCH_USER_PATHS = NO;
				CLANG_ANALYZER_NONNULL = YES;
				CLANG_ANALYZER_NUMBER_OBJECT_CONVERSION = YES_AGGRESSIVE;
				CLANG_CXX_LANGUAGE_STANDARD = "gnu++14";
				CLANG_CXX_LIBRARY = "libc++";
				CLANG_ENABLE_MODULES = YES;
				CLANG_ENABLE_OBJC_ARC = YES;
				CLANG_ENABLE_OBJC_WEAK = YES;
				CLANG_WARN_BLOCK_CAPTURE_AUTORELEASING = YES;
				CLANG_WARN_BOOL_CONVERSION = YES;
				CLANG_WARN_COMMA = YES;
				CLANG_WARN_CONSTANT_CONVERSION = YES;
				CLANG_WARN_DEPRECATED_OBJC_IMPLEMENTATIONS = YES;
				CLANG_WARN_DIRECT_OBJC_ISA_USAGE = YES_ERROR;
				CLANG_WARN_DOCUMENTATION_COMMENTS = YES;
				CLANG_WARN_EMPTY_BODY = YES;
				CLANG_WARN_ENUM_CONVERSION = YES;
				CLANG_WARN_INFINITE_RECURSION = YES;
				CLANG_WARN_INT_CONVERSION = YES;
				CLANG_WARN_NON_LITERAL_NULL_CONVERSION = YES;
				CLANG_WARN_OBJC_IMPLICIT_RETAIN_SELF = YES;
				CLANG_WARN_OBJC_LITERAL_CONVERSION = YES;
				CLANG_WARN_OBJC_ROOT_CLASS = YES_ERROR;
				CLANG_WARN_QUOTED_INCLUDE_IN_FRAMEWORK_HEADER = YES;
				CLANG_WARN_RANGE_LOOP_ANALYSIS = YES;
				CLANG_WARN_STRICT_PROTOTYPES = YES;
				CLANG_WARN_SUSPICIOUS_MOVE = YES;
				CLANG_WARN_UNGUARDED_AVAILABILITY = YES_AGGRESSIVE;
				CLANG_WARN_UNREACHABLE_CODE = YES;
				CLANG_WARN__DUPLICATE_METHOD_MATCH = YES;
				COPY_PHASE_STRIP = NO;
				DEBUG_INFORMATION_FORMAT = dwarf;
				ENABLE_STRICT_OBJC_MSGSEND = YES;
				ENABLE_TESTABILITY = YES;
				GCC_C_LANGUAGE_STANDARD = gnu11;
				GCC_DYNAMIC_NO_PIC = NO;
				GCC_NO_COMMON_BLOCKS = YES;
				GCC_OPTIMIZATION_LEVEL = 0;
				GCC_PREPROCESSOR_DEFINITIONS = (
					"DEBUG=1",
					"$(inherited)",
				);
				GCC_WARN_64_TO_32_BIT_CONVERSION = YES;
				GCC_WARN_ABOUT_RETURN_TYPE = YES_ERROR;
				GCC_WARN_UNDECLARED_SELECTOR = YES;
				GCC_WARN_UNINITIALIZED_AUTOS = YES_AGGRESSIVE;
				GCC_WARN_UNUSED_FUNCTION = YES;
				GCC_WARN_UNUSED_VARIABLE = YES;
				IPHONEOS_DEPLOYMENT_TARGET = 14.4;
				MTL_ENABLE_DEBUG_INFO = INCLUDE_SOURCE;
				MTL_FAST_MATH = YES;
				ONLY_ACTIVE_ARCH = YES;
				SDKROOT = iphoneos;
				SWIFT_ACTIVE_COMPILATION_CONDITIONS = DEBUG;
				SWIFT_OPTIMIZATION_LEVEL = "-Onone";
			};
			name = Debug;
		};
		EA137DE62A5D6AA900D78213 /* Release */ = {
			isa = XCBuildConfiguration;
			buildSettings = {
				ALWAYS_SEARCH_USER_PATHS = NO;
				CLANG_ANALYZER_NONNULL = YES;
				CLANG_ANALYZER_NUMBER_OBJECT_CONVERSION = YES_AGGRESSIVE;
				CLANG_CXX_LANGUAGE_STANDARD = "gnu++14";
				CLANG_CXX_LIBRARY = "libc++";
				CLANG_ENABLE_MODULES = YES;
				CLANG_ENABLE_OBJC_ARC = YES;
				CLANG_ENABLE_OBJC_WEAK = YES;
				CLANG_WARN_BLOCK_CAPTURE_AUTORELEASING = YES;
				CLANG_WARN_BOOL_CONVERSION = YES;
				CLANG_WARN_COMMA = YES;
				CLANG_WARN_CONSTANT_CONVERSION = YES;
				CLANG_WARN_DEPRECATED_OBJC_IMPLEMENTATIONS = YES;
				CLANG_WARN_DIRECT_OBJC_ISA_USAGE = YES_ERROR;
				CLANG_WARN_DOCUMENTATION_COMMENTS = YES;
				CLANG_WARN_EMPTY_BODY = YES;
				CLANG_WARN_ENUM_CONVERSION = YES;
				CLANG_WARN_INFINITE_RECURSION = YES;
				CLANG_WARN_INT_CONVERSION = YES;
				CLANG_WARN_NON_LITERAL_NULL_CONVERSION = YES;
				CLANG_WARN_OBJC_IMPLICIT_RETAIN_SELF = YES;
				CLANG_WARN_OBJC_LITERAL_CONVERSION = YES;
				CLANG_WARN_OBJC_ROOT_CLASS = YES_ERROR;
				CLANG_WARN_QUOTED_INCLUDE_IN_FRAMEWORK_HEADER = YES;
				CLANG_WARN_RANGE_LOOP_ANALYSIS = YES;
				CLANG_WARN_STRICT_PROTOTYPES = YES;
				CLANG_WARN_SUSPICIOUS_MOVE = YES;
				CLANG_WARN_UNGUARDED_AVAILABILITY = YES_AGGRESSIVE;
				CLANG_WARN_UNREACHABLE_CODE = YES;
				CLANG_WARN__DUPLICATE_METHOD_MATCH = YES;
				COPY_PHASE_STRIP = NO;
				DEBUG_INFORMATION_FORMAT = "dwarf-with-dsym";
				ENABLE_NS_ASSERTIONS = NO;
				ENABLE_STRICT_OBJC_MSGSEND = YES;
				GCC_C_LANGUAGE_STANDARD = gnu11;
				GCC_NO_COMMON_BLOCKS = YES;
				GCC_WARN_64_TO_32_BIT_CONVERSION = YES;
				GCC_WARN_ABOUT_RETURN_TYPE = YES_ERROR;
				GCC_WARN_UNDECLARED_SELECTOR = YES;
				GCC_WARN_UNINITIALIZED_AUTOS = YES_AGGRESSIVE;
				GCC_WARN_UNUSED_FUNCTION = YES;
				GCC_WARN_UNUSED_VARIABLE = YES;
				IPHONEOS_DEPLOYMENT_TARGET = 14.4;
				MTL_ENABLE_DEBUG_INFO = NO;
				MTL_FAST_MATH = YES;
				SDKROOT = iphoneos;
				SWIFT_COMPILATION_MODE = wholemodule;
				SWIFT_OPTIMIZATION_LEVEL = "-O";
				VALIDATE_PRODUCT = YES;
			};
			name = Release;
		};
		EA137DE82A5D6AA900D78213 /* Debug */ = {
			isa = XCBuildConfiguration;
			buildSettings = {
				ASSETCATALOG_COMPILER_APPICON_NAME = AppIcon;
				ASSETCATALOG_COMPILER_GLOBAL_ACCENT_COLOR_NAME = AccentColor;
				CODE_SIGN_STYLE = Automatic;
				DEVELOPMENT_TEAM = VG2S98FFS9;
				INFOPLIST_FILE = GetAPICall/Info.plist;
				LD_RUNPATH_SEARCH_PATHS = (
					"$(inherited)",
					"@executable_path/Frameworks",
				);
				PRODUCT_BUNDLE_IDENTIFIER = com.shivakumarpgk.GetAPICall;
				PRODUCT_NAME = "$(TARGET_NAME)";
				SWIFT_VERSION = 5.0;
				TARGETED_DEVICE_FAMILY = "1,2";
			};
			name = Debug;
		};
		EA137DE92A5D6AA900D78213 /* Release */ = {
			isa = XCBuildConfiguration;
			buildSettings = {
				ASSETCATALOG_COMPILER_APPICON_NAME = AppIcon;
				ASSETCATALOG_COMPILER_GLOBAL_ACCENT_COLOR_NAME = AccentColor;
				CODE_SIGN_STYLE = Automatic;
				DEVELOPMENT_TEAM = VG2S98FFS9;
				INFOPLIST_FILE = GetAPICall/Info.plist;
				LD_RUNPATH_SEARCH_PATHS = (
					"$(inherited)",
					"@executable_path/Frameworks",
				);
				PRODUCT_BUNDLE_IDENTIFIER = com.shivakumarpgk.GetAPICall;
				PRODUCT_NAME = "$(TARGET_NAME)";
				SWIFT_VERSION = 5.0;
				TARGETED_DEVICE_FAMILY = "1,2";
			};
			name = Release;
		};
		EA137DEB2A5D6AA900D78213 /* Debug */ = {
			isa = XCBuildConfiguration;
			buildSettings = {
				ALWAYS_EMBED_SWIFT_STANDARD_LIBRARIES = YES;
				BUNDLE_LOADER = "$(TEST_HOST)";
				CODE_SIGN_STYLE = Automatic;
				DEVELOPMENT_TEAM = VG2S98FFS9;
				INFOPLIST_FILE = GetAPICallTests/Info.plist;
				IPHONEOS_DEPLOYMENT_TARGET = 14.4;
				LD_RUNPATH_SEARCH_PATHS = (
					"$(inherited)",
					"@executable_path/Frameworks",
					"@loader_path/Frameworks",
				);
				PRODUCT_BUNDLE_IDENTIFIER = com.shivakumarpgk.GetAPICallTests;
				PRODUCT_NAME = "$(TARGET_NAME)";
				SWIFT_VERSION = 5.0;
				TARGETED_DEVICE_FAMILY = "1,2";
				TEST_HOST = "$(BUILT_PRODUCTS_DIR)/GetAPICall.app/GetAPICall";
			};
			name = Debug;
		};
		EA137DEC2A5D6AA900D78213 /* Release */ = {
			isa = XCBuildConfiguration;
			buildSettings = {
				ALWAYS_EMBED_SWIFT_STANDARD_LIBRARIES = YES;
				BUNDLE_LOADER = "$(TEST_HOST)";
				CODE_SIGN_STYLE = Automatic;
				DEVELOPMENT_TEAM = VG2S98FFS9;
				INFOPLIST_FILE = GetAPICallTests/Info.plist;
				IPHONEOS_DEPLOYMENT_TARGET = 14.4;
				LD_RUNPATH_SEARCH_PATHS = (
					"$(inherited)",
					"@executable_path/Frameworks",
					"@loader_path/Frameworks",
				);
				PRODUCT_BUNDLE_IDENTIFIER = com.shivakumarpgk.GetAPICallTests;
				PRODUCT_NAME = "$(TARGET_NAME)";
				SWIFT_VERSION = 5.0;
				TARGETED_DEVICE_FAMILY = "1,2";
				TEST_HOST = "$(BUILT_PRODUCTS_DIR)/GetAPICall.app/GetAPICall";
			};
			name = Release;
		};
		EA137DEE2A5D6AA900D78213 /* Debug */ = {
			isa = XCBuildConfiguration;
			buildSettings = {
				ALWAYS_EMBED_SWIFT_STANDARD_LIBRARIES = YES;
				CODE_SIGN_STYLE = Automatic;
				DEVELOPMENT_TEAM = VG2S98FFS9;
				INFOPLIST_FILE = GetAPICallUITests/Info.plist;
				LD_RUNPATH_SEARCH_PATHS = (
					"$(inherited)",
					"@executable_path/Frameworks",
					"@loader_path/Frameworks",
				);
				PRODUCT_BUNDLE_IDENTIFIER = com.shivakumarpgk.GetAPICallUITests;
				PRODUCT_NAME = "$(TARGET_NAME)";
				SWIFT_VERSION = 5.0;
				TARGETED_DEVICE_FAMILY = "1,2";
				TEST_TARGET_NAME = GetAPICall;
			};
			name = Debug;
		};
		EA137DEF2A5D6AA900D78213 /* Release */ = {
			isa = XCBuildConfiguration;
			buildSettings = {
				ALWAYS_EMBED_SWIFT_STANDARD_LIBRARIES = YES;
				CODE_SIGN_STYLE = Automatic;
				DEVELOPMENT_TEAM = VG2S98FFS9;
				INFOPLIST_FILE = GetAPICallUITests/Info.plist;
				LD_RUNPATH_SEARCH_PATHS = (
					"$(inherited)",
					"@executable_path/Frameworks",
					"@loader_path/Frameworks",
				);
				PRODUCT_BUNDLE_IDENTIFIER = com.shivakumarpgk.GetAPICallUITests;
				PRODUCT_NAME = "$(TARGET_NAME)";
				SWIFT_VERSION = 5.0;
				TARGETED_DEVICE_FAMILY = "1,2";
				TEST_TARGET_NAME = GetAPICall;
			};
			name = Release;
		};
/* End XCBuildConfiguration section */

/* Begin XCConfigurationList section */
		EA137DB82A5D6A4500D78213 /* Build configuration list for PBXProject "GetAPICall" */ = {
			isa = XCConfigurationList;
			buildConfigurations = (
				EA137DE52A5D6AA900D78213 /* Debug */,
				EA137DE62A5D6AA900D78213 /* Release */,
			);
			defaultConfigurationIsVisible = 0;
			defaultConfigurationName = Release;
		};
		EA137DE72A5D6AA900D78213 /* Build configuration list for PBXNativeTarget "GetAPICall" */ = {
			isa = XCConfigurationList;
			buildConfigurations = (
				EA137DE82A5D6AA900D78213 /* Debug */,
				EA137DE92A5D6AA900D78213 /* Release */,
			);
			defaultConfigurationIsVisible = 0;
			defaultConfigurationName = Release;
		};
		EA137DEA2A5D6AA900D78213 /* Build configuration list for PBXNativeTarget "GetAPICallTests" */ = {
			isa = XCConfigurationList;
			buildConfigurations = (
				EA137DEB2A5D6AA900D78213 /* Debug */,
				EA137DEC2A5D6AA900D78213 /* Release */,
			);
			defaultConfigurationIsVisible = 0;
			defaultConfigurationName = Release;
		};
		EA137DED2A5D6AA900D78213 /* Build configuration list for PBXNativeTarget "GetAPICallUITests" */ = {
			isa = XCConfigurationList;
			buildConfigurations = (
				EA137DEE2A5D6AA900D78213 /* Debug */,
				EA137DEF2A5D6AA900D78213 /* Release */,
			);
			defaultConfigurationIsVisible = 0;
			defaultConfigurationName = Release;
		};
/* End XCConfigurationList section */
	};
	rootObject = EA137DB52A5D6A4500D78213 /* Project object */;
}
